// !$*UTF8*$!
{
	archiveVersion = 1;
	classes = {
	};
	objectVersion = 55;
	objects = {

/* Begin PBXBuildFile section */
		7704E15A29C44F9F000CA023 /* AppDelegate.swift in Sources */ = {isa = PBXBuildFile; fileRef = 7704E15929C44F9F000CA023 /* AppDelegate.swift */; };
		7704E15C29C44F9F000CA023 /* SceneDelegate.swift in Sources */ = {isa = PBXBuildFile; fileRef = 7704E15B29C44F9F000CA023 /* SceneDelegate.swift */; };
		7704E16129C44F9F000CA023 /* Main.storyboard in Resources */ = {isa = PBXBuildFile; fileRef = 7704E15F29C44F9F000CA023 /* Main.storyboard */; };
		7704E16329C44FA1000CA023 /* Assets.xcassets in Resources */ = {isa = PBXBuildFile; fileRef = 7704E16229C44FA1000CA023 /* Assets.xcassets */; };
		7704E16629C44FA1000CA023 /* LaunchScreen.storyboard in Resources */ = {isa = PBXBuildFile; fileRef = 7704E16429C44FA1000CA023 /* LaunchScreen.storyboard */; };
		7704E16E29C45043000CA023 /* APIService.swift in Sources */ = {isa = PBXBuildFile; fileRef = 7704E16D29C45043000CA023 /* APIService.swift */; };
		77DC49CE29C5C3B900A4034E /* UserModel.swift in Sources */ = {isa = PBXBuildFile; fileRef = 77DC49CD29C5C3B900A4034E /* UserModel.swift */; };
		77DC49D029C5D53400A4034E /* UserCollectionViewCell.swift in Sources */ = {isa = PBXBuildFile; fileRef = 77DC49CF29C5D53400A4034E /* UserCollectionViewCell.swift */; };
		77DC49D229C5F79100A4034E /* PhoneNumberViewModel.swift in Sources */ = {isa = PBXBuildFile; fileRef = 77DC49D129C5F79100A4034E /* PhoneNumberViewModel.swift */; };
		77DC49D529C5FD4700A4034E /* Extensions.swift in Sources */ = {isa = PBXBuildFile; fileRef = 77DC49D429C5FD4700A4034E /* Extensions.swift */; };
		77E1C25F29C4704900D8FED3 /* PhoneNumberViewController.swift in Sources */ = {isa = PBXBuildFile; fileRef = 77E1C25E29C4704900D8FED3 /* PhoneNumberViewController.swift */; };
		77E1C26129C4706700D8FED3 /* OTPViewController.swift in Sources */ = {isa = PBXBuildFile; fileRef = 77E1C26029C4706700D8FED3 /* OTPViewController.swift */; };
		77E1C26329C4707E00D8FED3 /* NotesListViewController.swift in Sources */ = {isa = PBXBuildFile; fileRef = 77E1C26229C4707E00D8FED3 /* NotesListViewController.swift */; };
		77F7C78E29C4A09400717445 /* Utility.swift in Sources */ = {isa = PBXBuildFile; fileRef = 77F7C78D29C4A09400717445 /* Utility.swift */; };
		77F7C79029C4A3B700717445 /* OTPModel.swift in Sources */ = {isa = PBXBuildFile; fileRef = 77F7C78F29C4A3B700717445 /* OTPModel.swift */; };
/* End PBXBuildFile section */

/* Begin PBXFileReference section */
		7704E15629C44F9F000CA023 /* AisleAssignment.app */ = {isa = PBXFileReference; explicitFileType = wrapper.application; includeInIndex = 0; path = AisleAssignment.app; sourceTree = BUILT_PRODUCTS_DIR; };
		7704E15929C44F9F000CA023 /* AppDelegate.swift */ = {isa = PBXFileReference; lastKnownFileType = sourcecode.swift; path = AppDelegate.swift; sourceTree = "<group>"; };
		7704E15B29C44F9F000CA023 /* SceneDelegate.swift */ = {isa = PBXFileReference; lastKnownFileType = sourcecode.swift; path = SceneDelegate.swift; sourceTree = "<group>"; };
		7704E16029C44F9F000CA023 /* Base */ = {isa = PBXFileReference; lastKnownFileType = file.storyboard; name = Base; path = Base.lproj/Main.storyboard; sourceTree = "<group>"; };
		7704E16229C44FA1000CA023 /* Assets.xcassets */ = {isa = PBXFileReference; lastKnownFileType = folder.assetcatalog; path = Assets.xcassets; sourceTree = "<group>"; };
		7704E16529C44FA1000CA023 /* Base */ = {isa = PBXFileReference; lastKnownFileType = file.storyboard; name = Base; path = Base.lproj/LaunchScreen.storyboard; sourceTree = "<group>"; };
		7704E16729C44FA1000CA023 /* Info.plist */ = {isa = PBXFileReference; lastKnownFileType = text.plist.xml; path = Info.plist; sourceTree = "<group>"; };
		7704E16D29C45043000CA023 /* APIService.swift */ = {isa = PBXFileReference; lastKnownFileType = sourcecode.swift; path = APIService.swift; sourceTree = "<group>"; };
		77DC49CD29C5C3B900A4034E /* UserModel.swift */ = {isa = PBXFileReference; lastKnownFileType = sourcecode.swift; path = UserModel.swift; sourceTree = "<group>"; };
		77DC49CF29C5D53400A4034E /* UserCollectionViewCell.swift */ = {isa = PBXFileReference; lastKnownFileType = sourcecode.swift; path = UserCollectionViewCell.swift; sourceTree = "<group>"; };
		77DC49D129C5F79100A4034E /* PhoneNumberViewModel.swift */ = {isa = PBXFileReference; lastKnownFileType = sourcecode.swift; path = PhoneNumberViewModel.swift; sourceTree = "<group>"; };
		77DC49D429C5FD4700A4034E /* Extensions.swift */ = {isa = PBXFileReference; lastKnownFileType = sourcecode.swift; path = Extensions.swift; sourceTree = "<group>"; };
		77E1C25E29C4704900D8FED3 /* PhoneNumberViewController.swift */ = {isa = PBXFileReference; lastKnownFileType = sourcecode.swift; path = PhoneNumberViewController.swift; sourceTree = "<group>"; };
		77E1C26029C4706700D8FED3 /* OTPViewController.swift */ = {isa = PBXFileReference; lastKnownFileType = sourcecode.swift; path = OTPViewController.swift; sourceTree = "<group>"; };
		77E1C26229C4707E00D8FED3 /* NotesListViewController.swift */ = {isa = PBXFileReference; lastKnownFileType = sourcecode.swift; path = NotesListViewController.swift; sourceTree = "<group>"; };
		77F7C78D29C4A09400717445 /* Utility.swift */ = {isa = PBXFileReference; lastKnownFileType = sourcecode.swift; path = Utility.swift; sourceTree = "<group>"; };
		77F7C78F29C4A3B700717445 /* OTPModel.swift */ = {isa = PBXFileReference; lastKnownFileType = sourcecode.swift; path = OTPModel.swift; sourceTree = "<group>"; };
/* End PBXFileReference section */

/* Begin PBXFrameworksBuildPhase section */
		7704E15329C44F9F000CA023 /* Frameworks */ = {
			isa = PBXFrameworksBuildPhase;
			buildActionMask = 2147483647;
			files = (
			);
			runOnlyForDeploymentPostprocessing = 0;
		};
/* End PBXFrameworksBuildPhase section */

/* Begin PBXGroup section */
		7704E14D29C44F9F000CA023 = {
			isa = PBXGroup;
			children = (
				7704E15829C44F9F000CA023 /* AisleAssignment */,
				7704E15729C44F9F000CA023 /* Products */,
			);
			sourceTree = "<group>";
		};
		7704E15729C44F9F000CA023 /* Products */ = {
			isa = PBXGroup;
			children = (
				7704E15629C44F9F000CA023 /* AisleAssignment.app */,
			);
			name = Products;
			sourceTree = "<group>";
		};
		7704E15829C44F9F000CA023 /* AisleAssignment */ = {
			isa = PBXGroup;
			children = (
				77DC49D829C60A0100A4034E /* Helper */,
				77F7C79129C4A3E400717445 /* Model */,
				77DC49D329C5F9B800A4034E /* PhoneNumber */,
				77DC49D629C5FDBB00A4034E /* OTP */,
				77DC49D729C5FDC000A4034E /* Notes */,
				7704E15929C44F9F000CA023 /* AppDelegate.swift */,
				7704E15B29C44F9F000CA023 /* SceneDelegate.swift */,
				7704E15F29C44F9F000CA023 /* Main.storyboard */,
				7704E16229C44FA1000CA023 /* Assets.xcassets */,
				7704E16429C44FA1000CA023 /* LaunchScreen.storyboard */,
				7704E16729C44FA1000CA023 /* Info.plist */,
			);
			path = AisleAssignment;
			sourceTree = "<group>";
		};
		77DC49D329C5F9B800A4034E /* PhoneNumber */ = {
			isa = PBXGroup;
			children = (
				77E1C25E29C4704900D8FED3 /* PhoneNumberViewController.swift */,
				77DC49D129C5F79100A4034E /* PhoneNumberViewModel.swift */,
			);
			path = PhoneNumber;
			sourceTree = "<group>";
		};
		77DC49D629C5FDBB00A4034E /* OTP */ = {
			isa = PBXGroup;
			children = (
				77E1C26029C4706700D8FED3 /* OTPViewController.swift */,
			);
			path = OTP;
			sourceTree = "<group>";
		};
		77DC49D729C5FDC000A4034E /* Notes */ = {
			isa = PBXGroup;
			children = (
				77E1C26229C4707E00D8FED3 /* NotesListViewController.swift */,
				77DC49CF29C5D53400A4034E /* UserCollectionViewCell.swift */,
			);
			path = Notes;
			sourceTree = "<group>";
		};
		77DC49D829C60A0100A4034E /* Helper */ = {
			isa = PBXGroup;
			children = (
				7704E16D29C45043000CA023 /* APIService.swift */,
				77F7C78D29C4A09400717445 /* Utility.swift */,
				77DC49D429C5FD4700A4034E /* Extensions.swift */,
			);
			path = Helper;
			sourceTree = "<group>";
		};
		77F7C79129C4A3E400717445 /* Model */ = {
			isa = PBXGroup;
			children = (
				77F7C78F29C4A3B700717445 /* OTPModel.swift */,
				77DC49CD29C5C3B900A4034E /* UserModel.swift */,
			);
			path = Model;
			sourceTree = "<group>";
		};
/* End PBXGroup section */

/* Begin PBXNativeTarget section */
		7704E15529C44F9F000CA023 /* AisleAssignment */ = {
			isa = PBXNativeTarget;
			buildConfigurationList = 7704E16A29C44FA1000CA023 /* Build configuration list for PBXNativeTarget "AisleAssignment" */;
			buildPhases = (
				7704E15229C44F9F000CA023 /* Sources */,
				7704E15329C44F9F000CA023 /* Frameworks */,
				7704E15429C44F9F000CA023 /* Resources */,
			);
			buildRules = (
			);
			dependencies = (
			);
			name = AisleAssignment;
			productName = AisleAssignment;
			productReference = 7704E15629C44F9F000CA023 /* AisleAssignment.app */;
			productType = "com.apple.product-type.application";
		};
/* End PBXNativeTarget section */

/* Begin PBXProject section */
		7704E14E29C44F9F000CA023 /* Project object */ = {
			isa = PBXProject;
			attributes = {
				BuildIndependentTargetsInParallel = 1;
				LastSwiftUpdateCheck = 1320;
				LastUpgradeCheck = 1320;
				TargetAttributes = {
					7704E15529C44F9F000CA023 = {
						CreatedOnToolsVersion = 13.2.1;
					};
				};
			};
			buildConfigurationList = 7704E15129C44F9F000CA023 /* Build configuration list for PBXProject "AisleAssignment" */;
			compatibilityVersion = "Xcode 13.0";
			developmentRegion = en;
			hasScannedForEncodings = 0;
			knownRegions = (
				en,
				Base,
			);
			mainGroup = 7704E14D29C44F9F000CA023;
			productRefGroup = 7704E15729C44F9F000CA023 /* Products */;
			projectDirPath = "";
			projectRoot = "";
			targets = (
				7704E15529C44F9F000CA023 /* AisleAssignment */,
			);
		};
/* End PBXProject section */

/* Begin PBXResourcesBuildPhase section */
		7704E15429C44F9F000CA023 /* Resources */ = {
			isa = PBXResourcesBuildPhase;
			buildActionMask = 2147483647;
			files = (
				7704E16629C44FA1000CA023 /* LaunchScreen.storyboard in Resources */,
				7704E16329C44FA1000CA023 /* Assets.xcassets in Resources */,
				7704E16129C44F9F000CA023 /* Main.storyboard in Resources */,
			);
			runOnlyForDeploymentPostprocessing = 0;
		};
/* End PBXResourcesBuildPhase section */

/* Begin PBXSourcesBuildPhase section */
		7704E15229C44F9F000CA023 /* Sources */ = {
			isa = PBXSourcesBuildPhase;
			buildActionMask = 2147483647;
			files = (
				77F7C78E29C4A09400717445 /* Utility.swift in Sources */,
				77E1C26129C4706700D8FED3 /* OTPViewController.swift in Sources */,
				7704E16E29C45043000CA023 /* APIService.swift in Sources */,
				7704E15A29C44F9F000CA023 /* AppDelegate.swift in Sources */,
				77DC49D229C5F79100A4034E /* PhoneNumberViewModel.swift in Sources */,
				77E1C25F29C4704900D8FED3 /* PhoneNumberViewController.swift in Sources */,
				77F7C79029C4A3B700717445 /* OTPModel.swift in Sources */,
				77DC49D529C5FD4700A4034E /* Extensions.swift in Sources */,
				77E1C26329C4707E00D8FED3 /* NotesListViewController.swift in Sources */,
				77DC49CE29C5C3B900A4034E /* UserModel.swift in Sources */,
				7704E15C29C44F9F000CA023 /* SceneDelegate.swift in Sources */,
				77DC49D029C5D53400A4034E /* UserCollectionViewCell.swift in Sources */,
			);
			runOnlyForDeploymentPostprocessing = 0;
		};
/* End PBXSourcesBuildPhase section */

/* Begin PBXVariantGroup section */
		7704E15F29C44F9F000CA023 /* Main.storyboard */ = {
			isa = PBXVariantGroup;
			children = (
				7704E16029C44F9F000CA023 /* Base */,
			);
			name = Main.storyboard;
			sourceTree = "<group>";
		};
		7704E16429C44FA1000CA023 /* LaunchScreen.storyboard */ = {
			isa = PBXVariantGroup;
			children = (
				7704E16529C44FA1000CA023 /* Base */,
			);
			name = LaunchScreen.storyboard;
			sourceTree = "<group>";
		};
/* End PBXVariantGroup section */

/* Begin XCBuildConfiguration section */
		7704E16829C44FA1000CA023 /* Debug */ = {
			isa = XCBuildConfiguration;
			buildSettings = {
				ALWAYS_SEARCH_USER_PATHS = NO;
				CLANG_ANALYZER_NONNULL = YES;
				CLANG_ANALYZER_NUMBER_OBJECT_CONVERSION = YES_AGGRESSIVE;
				CLANG_CXX_LANGUAGE_STANDARD = "gnu++17";
				CLANG_CXX_LIBRARY = "libc++";
				CLANG_ENABLE_MODULES = YES;
				CLANG_ENABLE_OBJC_ARC = YES;
				CLANG_ENABLE_OBJC_WEAK = YES;
				CLANG_WARN_BLOCK_CAPTURE_AUTORELEASING = YES;
				CLANG_WARN_BOOL_CONVERSION = YES;
				CLANG_WARN_COMMA = YES;
				CLANG_WARN_CONSTANT_CONVERSION = YES;
				CLANG_WARN_DEPRECATED_OBJC_IMPLEMENTATIONS = YES;
				CLANG_WARN_DIRECT_OBJC_ISA_USAGE = YES_ERROR;
				CLANG_WARN_DOCUMENTATION_COMMENTS = YES;
				CLANG_WARN_EMPTY_BODY = YES;
				CLANG_WARN_ENUM_CONVERSION = YES;
				CLANG_WARN_INFINITE_RECURSION = YES;
				CLANG_WARN_INT_CONVERSION = YES;
				CLANG_WARN_NON_LITERAL_NULL_CONVERSION = YES;
				CLANG_WARN_OBJC_IMPLICIT_RETAIN_SELF = YES;
				CLANG_WARN_OBJC_LITERAL_CONVERSION = YES;
				CLANG_WARN_OBJC_ROOT_CLASS = YES_ERROR;
				CLANG_WARN_QUOTED_INCLUDE_IN_FRAMEWORK_HEADER = YES;
				CLANG_WARN_RANGE_LOOP_ANALYSIS = YES;
				CLANG_WARN_STRICT_PROTOTYPES = YES;
				CLANG_WARN_SUSPICIOUS_MOVE = YES;
				CLANG_WARN_UNGUARDED_AVAILABILITY = YES_AGGRESSIVE;
				CLANG_WARN_UNREACHABLE_CODE = YES;
				CLANG_WARN__DUPLICATE_METHOD_MATCH = YES;
				COPY_PHASE_STRIP = NO;
				DEBUG_INFORMATION_FORMAT = dwarf;
				ENABLE_STRICT_OBJC_MSGSEND = YES;
				ENABLE_TESTABILITY = YES;
				GCC_C_LANGUAGE_STANDARD = gnu11;
				GCC_DYNAMIC_NO_PIC = NO;
				GCC_NO_COMMON_BLOCKS = YES;
				GCC_OPTIMIZATION_LEVEL = 0;
				GCC_PREPROCESSOR_DEFINITIONS = (
					"DEBUG=1",
					"$(inherited)",
				);
				GCC_WARN_64_TO_32_BIT_CONVERSION = YES;
				GCC_WARN_ABOUT_RETURN_TYPE = YES_ERROR;
				GCC_WARN_UNDECLARED_SELECTOR = YES;
				GCC_WARN_UNINITIALIZED_AUTOS = YES_AGGRESSIVE;
				GCC_WARN_UNUSED_FUNCTION = YES;
				GCC_WARN_UNUSED_VARIABLE = YES;
				IPHONEOS_DEPLOYMENT_TARGET = 15.2;
				MTL_ENABLE_DEBUG_INFO = INCLUDE_SOURCE;
				MTL_FAST_MATH = YES;
				ONLY_ACTIVE_ARCH = YES;
				SDKROOT = iphoneos;
				SWIFT_ACTIVE_COMPILATION_CONDITIONS = DEBUG;
				SWIFT_OPTIMIZATION_LEVEL = "-Onone";
			};
			name = Debug;
		};
		7704E16929C44FA1000CA023 /* Release */ = {
			isa = XCBuildConfiguration;
			buildSettings = {
				ALWAYS_SEARCH_USER_PATHS = NO;
				CLANG_ANALYZER_NONNULL = YES;
				CLANG_ANALYZER_NUMBER_OBJECT_CONVERSION = YES_AGGRESSIVE;
				CLANG_CXX_LANGUAGE_STANDARD = "gnu++17";
				CLANG_CXX_LIBRARY = "libc++";
				CLANG_ENABLE_MODULES = YES;
				CLANG_ENABLE_OBJC_ARC = YES;
				CLANG_ENABLE_OBJC_WEAK = YES;
				CLANG_WARN_BLOCK_CAPTURE_AUTORELEASING = YES;
				CLANG_WARN_BOOL_CONVERSION = YES;
				CLANG_WARN_COMMA = YES;
				CLANG_WARN_CONSTANT_CONVERSION = YES;
				CLANG_WARN_DEPRECATED_OBJC_IMPLEMENTATIONS = YES;
				CLANG_WARN_DIRECT_OBJC_ISA_USAGE = YES_ERROR;
				CLANG_WARN_DOCUMENTATION_COMMENTS = YES;
				CLANG_WARN_EMPTY_BODY = YES;
				CLANG_WARN_ENUM_CONVERSION = YES;
				CLANG_WARN_INFINITE_RECURSION = YES;
				CLANG_WARN_INT_CONVERSION = YES;
				CLANG_WARN_NON_LITERAL_NULL_CONVERSION = YES;
				CLANG_WARN_OBJC_IMPLICIT_RETAIN_SELF = YES;
				CLANG_WARN_OBJC_LITERAL_CONVERSION = YES;
				CLANG_WARN_OBJC_ROOT_CLASS = YES_ERROR;
				CLANG_WARN_QUOTED_INCLUDE_IN_FRAMEWORK_HEADER = YES;
				CLANG_WARN_RANGE_LOOP_ANALYSIS = YES;
				CLANG_WARN_STRICT_PROTOTYPES = YES;
				CLANG_WARN_SUSPICIOUS_MOVE = YES;
				CLANG_WARN_UNGUARDED_AVAILABILITY = YES_AGGRESSIVE;
				CLANG_WARN_UNREACHABLE_CODE = YES;
				CLANG_WARN__DUPLICATE_METHOD_MATCH = YES;
				COPY_PHASE_STRIP = NO;
				DEBUG_INFORMATION_FORMAT = "dwarf-with-dsym";
				ENABLE_NS_ASSERTIONS = NO;
				ENABLE_STRICT_OBJC_MSGSEND = YES;
				GCC_C_LANGUAGE_STANDARD = gnu11;
				GCC_NO_COMMON_BLOCKS = YES;
				GCC_WARN_64_TO_32_BIT_CONVERSION = YES;
				GCC_WARN_ABOUT_RETURN_TYPE = YES_ERROR;
				GCC_WARN_UNDECLARED_SELECTOR = YES;
				GCC_WARN_UNINITIALIZED_AUTOS = YES_AGGRESSIVE;
				GCC_WARN_UNUSED_FUNCTION = YES;
				GCC_WARN_UNUSED_VARIABLE = YES;
				IPHONEOS_DEPLOYMENT_TARGET = 15.2;
				MTL_ENABLE_DEBUG_INFO = NO;
				MTL_FAST_MATH = YES;
				SDKROOT = iphoneos;
				SWIFT_COMPILATION_MODE = wholemodule;
				SWIFT_OPTIMIZATION_LEVEL = "-O";
				VALIDATE_PRODUCT = YES;
			};
			name = Release;
		};
		7704E16B29C44FA1000CA023 /* Debug */ = {
			isa = XCBuildConfiguration;
			buildSettings = {
				ASSETCATALOG_COMPILER_APPICON_NAME = AppIcon;
				ASSETCATALOG_COMPILER_GLOBAL_ACCENT_COLOR_NAME = AccentColor;
				CODE_SIGN_STYLE = Automatic;
				CURRENT_PROJECT_VERSION = 1;
				GENERATE_INFOPLIST_FILE = YES;
				INFOPLIST_FILE = AisleAssignment/Info.plist;
				INFOPLIST_KEY_UIApplicationSupportsIndirectInputEvents = YES;
				INFOPLIST_KEY_UILaunchStoryboardName = LaunchScreen;
				INFOPLIST_KEY_UIMainStoryboardFile = Main;
				INFOPLIST_KEY_UISupportedInterfaceOrientations_iPad = "UIInterfaceOrientationPortrait UIInterfaceOrientationPortraitUpsideDown UIInterfaceOrientationLandscapeLeft UIInterfaceOrientationLandscapeRight";
				INFOPLIST_KEY_UISupportedInterfaceOrientations_iPhone = "UIInterfaceOrientationPortrait UIInterfaceOrientationLandscapeLeft UIInterfaceOrientationLandscapeRight";
				LD_RUNPATH_SEARCH_PATHS = (
					"$(inherited)",
					"@executable_path/Frameworks",
				);
				MARKETING_VERSION = 1.0;
				PRODUCT_BUNDLE_IDENTIFIER = Self.AisleAssignment;
				PRODUCT_NAME = "$(TARGET_NAME)";
				SWIFT_EMIT_LOC_STRINGS = YES;
				SWIFT_VERSION = 5.0;
				TARGETED_DEVICE_FAMILY = "1,2";
			};
			name = Debug;
		};
		7704E16C29C44FA1000CA023 /* Release */ = {
			isa = XCBuildConfiguration;
			buildSettings = {
				ASSETCATALOG_COMPILER_APPICON_NAME = AppIcon;
				ASSETCATALOG_COMPILER_GLOBAL_ACCENT_COLOR_NAME = AccentColor;
				CODE_SIGN_STYLE = Automatic;
				CURRENT_PROJECT_VERSION = 1;
				GENERATE_INFOPLIST_FILE = YES;
				INFOPLIST_FILE = AisleAssignment/Info.plist;
				INFOPLIST_KEY_UIApplicationSupportsIndirectInputEvents = YES;
				INFOPLIST_KEY_UILaunchStoryboardName = LaunchScreen;
				INFOPLIST_KEY_UIMainStoryboardFile = Main;
				INFOPLIST_KEY_UISupportedInterfaceOrientations_iPad = "UIInterfaceOrientationPortrait UIInterfaceOrientationPortraitUpsideDown UIInterfaceOrientationLandscapeLeft UIInterfaceOrientationLandscapeRight";
				INFOPLIST_KEY_UISupportedInterfaceOrientations_iPhone = "UIInterfaceOrientationPortrait UIInterfaceOrientationLandscapeLeft UIInterfaceOrientationLandscapeRight";
				LD_RUNPATH_SEARCH_PATHS = (
					"$(inherited)",
					"@executable_path/Frameworks",
				);
				MARKETING_VERSION = 1.0;
				PRODUCT_BUNDLE_IDENTIFIER = Self.AisleAssignment;
				PRODUCT_NAME = "$(TARGET_NAME)";
				SWIFT_EMIT_LOC_STRINGS = YES;
				SWIFT_VERSION = 5.0;
				TARGETED_DEVICE_FAMILY = "1,2";
			};
			name = Release;
		};
/* End XCBuildConfiguration section */

/* Begin XCConfigurationList section */
		7704E15129C44F9F000CA023 /* Build configuration list for PBXProject "AisleAssignment" */ = {
			isa = XCConfigurationList;
			buildConfigurations = (
				7704E16829C44FA1000CA023 /* Debug */,
				7704E16929C44FA1000CA023 /* Release */,
			);
			defaultConfigurationIsVisible = 0;
			defaultConfigurationName = Release;
		};
		7704E16A29C44FA1000CA023 /* Build configuration list for PBXNativeTarget "AisleAssignment" */ = {
			isa = XCConfigurationList;
			buildConfigurations = (
				7704E16B29C44FA1000CA023 /* Debug */,
				7704E16C29C44FA1000CA023 /* Release */,
			);
			defaultConfigurationIsVisible = 0;
			defaultConfigurationName = Release;
		};
/* End XCConfigurationList section */
	};
	rootObject = 7704E14E29C44F9F000CA023 /* Project object */;
}
